github.com/youpy/go-coremidi v0.0.0-20210828055444-d16028a71dfe h1:YnIUnee8uwqdupK1JUluo59Obk1XDa3iXy45BHH5yhs=
github.com/youpy/go-coremidi v0.0.0-20210828055444-d16028a71dfe/go.mod h1:JECUA7NazToXvXOjdf3ZXbqBk/LjRx+5GI3geQfi4L4=
github.com/youpy/go-coremidi v0.0.0-20241117111815-4e11c355831c h1:xdiwAgBnLGG89V9NfnZDZd998wepWvJq+xMrCpJhb98=
github.com/youpy/go-coremidi v0.0.0-20241117111815-4e11c355831c/go.mod h1:JECUA7NazToXvXOjdf3ZXbqBk/LjRx+5GI3geQfi4L4=
